
Microsoft Visual Studio Solution File, Format Version 12.00
# Visual Studio Version 17
VisualStudioVersion = 17.3.32819.101
MinimumVisualStudioVersion = 10.0.40219.1
Project("{FAE04EC0-301F-11D3-BF4B-00C04F79EFBC}") = "pp3", "pp3\pp3.csproj", "{3442AA31-E57A-4C1B-BC5F-F85CA1826218}"
EndProject
Project("{FAE04EC0-301F-11D3-BF4B-00C04F79EFBC}") = "dal", "dal\dal.csproj", "{7A20B5B1-8122-44DB-83EE-060E8BD06840}"
EndProject
Project("{FAE04EC0-301F-11D3-BF4B-00C04F79EFBC}") = "BusLay", "BusLay\BusLay.csproj", "{33B0F30E-1E28-4FAF-B6ED-732016D941F9}"
EndProject
Global
	GlobalSection(SolutionConfigurationPlatforms) = preSolution
		Debug|Any CPU = Debug|Any CPU
		Release|Any CPU = Release|Any CPU
	EndGlobalSection
	GlobalSection(ProjectConfigurationPlatforms) = postSolution
		{3442AA31-E57A-4C1B-BC5F-F85CA1826218}.Debug|Any CPU.ActiveCfg = Debug|Any CPU
		{3442AA31-E57A-4C1B-BC5F-F85CA1826218}.Debug|Any CPU.Build.0 = Debug|Any CPU
		{3442AA31-E57A-4C1B-BC5F-F85CA1826218}.Release|Any CPU.ActiveCfg = Release|Any CPU
		{3442AA31-E57A-4C1B-BC5F-F85CA1826218}.Release|Any CPU.Build.0 = Release|Any CPU
		{7A20B5B1-8122-44DB-83EE-060E8BD06840}.Debug|Any CPU.ActiveCfg = Debug|Any CPU
		{7A20B5B1-8122-44DB-83EE-060E8BD06840}.Debug|Any CPU.Build.0 = Debug|Any CPU
		{7A20B5B1-8122-44DB-83EE-060E8BD06840}.Release|Any CPU.ActiveCfg = Release|Any CPU
		{7A20B5B1-8122-44DB-83EE-060E8BD06840}.Release|Any CPU.Build.0 = Release|Any CPU
		{33B0F30E-1E28-4FAF-B6ED-732016D941F9}.Debug|Any CPU.ActiveCfg = Debug|Any CPU
		{33B0F30E-1E28-4FAF-B6ED-732016D941F9}.Debug|Any CPU.Build.0 = Debug|Any CPU
		{33B0F30E-1E28-4FAF-B6ED-732016D941F9}.Release|Any CPU.ActiveCfg = Release|Any CPU
		{33B0F30E-1E28-4FAF-B6ED-732016D941F9}.Release|Any CPU.Build.0 = Release|Any CPU
	EndGlobalSection
	GlobalSection(SolutionProperties) = preSolution
		HideSolutionNode = FALSE
	EndGlobalSection
	GlobalSection(ExtensibilityGlobals) = postSolution
		SolutionGuid = {370B4E73-6652-4573-857D-A7C3D11139AF}
	EndGlobalSection
EndGlobal
